// !$*UTF8*$!
{
	archiveVersion = 1;
	classes = {
	};
	objectVersion = 46;
	objects = {

/* Begin PBXBuildFile section */
		CE0FDCAB1D05299C00586C71 /* deviceservice.cpp in Sources */ = {isa = PBXBuildFile; fileRef = CE0FDCA91D05299C00586C71 /* deviceservice.cpp */; };
		CE0FDCAE1D052AAD00586C71 /* filemanager.cpp in Sources */ = {isa = PBXBuildFile; fileRef = CE0FDCAC1D052AAD00586C71 /* filemanager.cpp */; };
		CE4041581D000B580044D850 /* iosDevice.mm in Sources */ = {isa = PBXBuildFile; fileRef = CE4041561D000B580044D850 /* iosDevice.mm */; };
		CE4177941D066AF9006E595F /* MobileDevice.framework in Frameworks */ = {isa = PBXBuildFile; fileRef = CE4177921D066AEB006E595F /* MobileDevice.framework */; };
		CE6ACC011CFFE2620027A7EE /* Cocoa.framework in Frameworks */ = {isa = PBXBuildFile; fileRef = CE6ACC001CFFE2620027A7EE /* Cocoa.framework */; };
		CE6ACC0B1CFFE2620027A7EE /* InfoPlist.strings in Resources */ = {isa = PBXBuildFile; fileRef = CE6ACC091CFFE2620027A7EE /* InfoPlist.strings */; };
		CE6ACC0D1CFFE2620027A7EE /* main.m in Sources */ = {isa = PBXBuildFile; fileRef = CE6ACC0C1CFFE2620027A7EE /* main.m */; };
		CE6ACC111CFFE2620027A7EE /* Credits.rtf in Resources */ = {isa = PBXBuildFile; fileRef = CE6ACC0F1CFFE2620027A7EE /* Credits.rtf */; };
		CE6ACC141CFFE2620027A7EE /* ycwAppDelegate.mm in Sources */ = {isa = PBXBuildFile; fileRef = CE6ACC131CFFE2620027A7EE /* ycwAppDelegate.mm */; };
		CE6ACC171CFFE2620027A7EE /* MainMenu.xib in Resources */ = {isa = PBXBuildFile; fileRef = CE6ACC151CFFE2620027A7EE /* MainMenu.xib */; };
		CECF17E11D0135AC005BAC59 /* deviceinfo.cpp in Sources */ = {isa = PBXBuildFile; fileRef = CECF17DE1D0135AC005BAC59 /* deviceinfo.cpp */; };
		CECF18161D0162C2005BAC59 /* AppWindowCtrl.m in Sources */ = {isa = PBXBuildFile; fileRef = CECF18141D0162C2005BAC59 /* AppWindowCtrl.m */; };
		CECF18171D0162C2005BAC59 /* AppWindowCtrl.xib in Resources */ = {isa = PBXBuildFile; fileRef = CECF18151D0162C2005BAC59 /* AppWindowCtrl.xib */; };
		DA1327A71D2A6583003B918E /* symbolicatecrash in Resources */ = {isa = PBXBuildFile; fileRef = DA1327A61D2A6583003B918E /* symbolicatecrash */; };
		DAC89B5D1D26405900F89433 /* CrashreportWinCtrl.m in Sources */ = {isa = PBXBuildFile; fileRef = DAC89B5C1D26405900F89433 /* CrashreportWinCtrl.m */; };
		DAC89B611D26568700F89433 /* CrashreportWin.xib in Resources */ = {isa = PBXBuildFile; fileRef = DAC89B601D26568700F89433 /* CrashreportWin.xib */; };
		DAC89B641D26618100F89433 /* CrashFileInfo.m in Sources */ = {isa = PBXBuildFile; fileRef = DAC89B631D26618100F89433 /* CrashFileInfo.m */; };
/* End PBXBuildFile section */

/* Begin PBXFileReference section */
		CE0FDCA91D05299C00586C71 /* deviceservice.cpp */ = {isa = PBXFileReference; fileEncoding = 4; lastKnownFileType = sourcecode.cpp.cpp; path = deviceservice.cpp; sourceTree = "<group>"; };
		CE0FDCAA1D05299C00586C71 /* deviceservice.h */ = {isa = PBXFileReference; fileEncoding = 4; lastKnownFileType = sourcecode.c.h; path = deviceservice.h; sourceTree = "<group>"; };
		CE0FDCAC1D052AAD00586C71 /* filemanager.cpp */ = {isa = PBXFileReference; fileEncoding = 4; lastKnownFileType = sourcecode.cpp.cpp; path = filemanager.cpp; sourceTree = "<group>"; };
		CE0FDCAD1D052AAD00586C71 /* filemanager.h */ = {isa = PBXFileReference; fileEncoding = 4; lastKnownFileType = sourcecode.c.h; path = filemanager.h; sourceTree = "<group>"; };
		CE4041561D000B580044D850 /* iosDevice.mm */ = {isa = PBXFileReference; fileEncoding = 4; lastKnownFileType = sourcecode.cpp.objcpp; path = iosDevice.mm; sourceTree = "<group>"; };
		CE4041571D000B580044D850 /* iosDevice.h */ = {isa = PBXFileReference; fileEncoding = 4; lastKnownFileType = sourcecode.c.h; path = iosDevice.h; sourceTree = "<group>"; };
		CE40415A1D000F550044D850 /* MobileDevice.h */ = {isa = PBXFileReference; fileEncoding = 4; lastKnownFileType = sourcecode.c.h; path = MobileDevice.h; sourceTree = "<group>"; };
		CE4177921D066AEB006E595F /* MobileDevice.framework */ = {isa = PBXFileReference; lastKnownFileType = wrapper.framework; name = MobileDevice.framework; path = /System/Library/PrivateFrameworks/MobileDevice.framework; sourceTree = "<absolute>"; };
		CE6ACBFD1CFFE2620027A7EE /* iosTools.app */ = {isa = PBXFileReference; explicitFileType = wrapper.application; includeInIndex = 0; path = iosTools.app; sourceTree = BUILT_PRODUCTS_DIR; };
		CE6ACC001CFFE2620027A7EE /* Cocoa.framework */ = {isa = PBXFileReference; lastKnownFileType = wrapper.framework; name = Cocoa.framework; path = System/Library/Frameworks/Cocoa.framework; sourceTree = SDKROOT; };
		CE6ACC031CFFE2620027A7EE /* AppKit.framework */ = {isa = PBXFileReference; lastKnownFileType = wrapper.framework; name = AppKit.framework; path = System/Library/Frameworks/AppKit.framework; sourceTree = SDKROOT; };
		CE6ACC041CFFE2620027A7EE /* CoreData.framework */ = {isa = PBXFileReference; lastKnownFileType = wrapper.framework; name = CoreData.framework; path = System/Library/Frameworks/CoreData.framework; sourceTree = SDKROOT; };
		CE6ACC051CFFE2620027A7EE /* Foundation.framework */ = {isa = PBXFileReference; lastKnownFileType = wrapper.framework; name = Foundation.framework; path = System/Library/Frameworks/Foundation.framework; sourceTree = SDKROOT; };
		CE6ACC081CFFE2620027A7EE /* iosTools-Info.plist */ = {isa = PBXFileReference; lastKnownFileType = text.plist.xml; path = "iosTools-Info.plist"; sourceTree = "<group>"; };
		CE6ACC0A1CFFE2620027A7EE /* en */ = {isa = PBXFileReference; lastKnownFileType = text.plist.strings; name = en; path = en.lproj/InfoPlist.strings; sourceTree = "<group>"; };
		CE6ACC0C1CFFE2620027A7EE /* main.m */ = {isa = PBXFileReference; lastKnownFileType = sourcecode.c.objc; path = main.m; sourceTree = "<group>"; };
		CE6ACC0E1CFFE2620027A7EE /* iosTools-Prefix.pch */ = {isa = PBXFileReference; lastKnownFileType = sourcecode.c.h; path = "iosTools-Prefix.pch"; sourceTree = "<group>"; };
		CE6ACC101CFFE2620027A7EE /* en */ = {isa = PBXFileReference; lastKnownFileType = text.rtf; name = en; path = en.lproj/Credits.rtf; sourceTree = "<group>"; };
		CE6ACC121CFFE2620027A7EE /* ycwAppDelegate.h */ = {isa = PBXFileReference; lastKnownFileType = sourcecode.c.h; path = ycwAppDelegate.h; sourceTree = "<group>"; };
		CE6ACC131CFFE2620027A7EE /* ycwAppDelegate.mm */ = {isa = PBXFileReference; lastKnownFileType = sourcecode.cpp.objcpp; path = ycwAppDelegate.mm; sourceTree = "<group>"; };
		CE6ACC161CFFE2620027A7EE /* en */ = {isa = PBXFileReference; lastKnownFileType = file.xib; name = en; path = en.lproj/MainMenu.xib; sourceTree = "<group>"; };
		CECF17DE1D0135AC005BAC59 /* deviceinfo.cpp */ = {isa = PBXFileReference; fileEncoding = 4; lastKnownFileType = sourcecode.cpp.cpp; path = deviceinfo.cpp; sourceTree = "<group>"; };
		CECF17DF1D0135AC005BAC59 /* deviceinfo.h */ = {isa = PBXFileReference; fileEncoding = 4; lastKnownFileType = sourcecode.c.h; path = deviceinfo.h; sourceTree = "<group>"; };
		CECF17E01D0135AC005BAC59 /* MyDeviceDeleget.h */ = {isa = PBXFileReference; fileEncoding = 4; lastKnownFileType = sourcecode.c.h; path = MyDeviceDeleget.h; sourceTree = "<group>"; };
		CECF18131D0162C2005BAC59 /* AppWindowCtrl.h */ = {isa = PBXFileReference; fileEncoding = 4; lastKnownFileType = sourcecode.c.h; path = AppWindowCtrl.h; sourceTree = "<group>"; };
		CECF18141D0162C2005BAC59 /* AppWindowCtrl.m */ = {isa = PBXFileReference; fileEncoding = 4; lastKnownFileType = sourcecode.c.objc; path = AppWindowCtrl.m; sourceTree = "<group>"; };
		CECF18151D0162C2005BAC59 /* AppWindowCtrl.xib */ = {isa = PBXFileReference; fileEncoding = 4; lastKnownFileType = file.xib; path = AppWindowCtrl.xib; sourceTree = "<group>"; };
		DA1327A61D2A6583003B918E /* symbolicatecrash */ = {isa = PBXFileReference; fileEncoding = 4; lastKnownFileType = text.script.perl; path = symbolicatecrash; sourceTree = "<group>"; };
		DAC89B5B1D26405900F89433 /* CrashreportWinCtrl.h */ = {isa = PBXFileReference; fileEncoding = 4; lastKnownFileType = sourcecode.c.h; path = CrashreportWinCtrl.h; sourceTree = "<group>"; };
		DAC89B5C1D26405900F89433 /* CrashreportWinCtrl.m */ = {isa = PBXFileReference; fileEncoding = 4; lastKnownFileType = sourcecode.c.objc; path = CrashreportWinCtrl.m; sourceTree = "<group>"; };
		DAC89B601D26568700F89433 /* CrashreportWin.xib */ = {isa = PBXFileReference; fileEncoding = 4; lastKnownFileType = file.xib; path = CrashreportWin.xib; sourceTree = "<group>"; };
		DAC89B621D26618100F89433 /* CrashFileInfo.h */ = {isa = PBXFileReference; fileEncoding = 4; lastKnownFileType = sourcecode.c.h; path = CrashFileInfo.h; sourceTree = "<group>"; };
		DAC89B631D26618100F89433 /* CrashFileInfo.m */ = {isa = PBXFileReference; fileEncoding = 4; lastKnownFileType = sourcecode.c.objc; path = CrashFileInfo.m; sourceTree = "<group>"; };
/* End PBXFileReference section */

/* Begin PBXFrameworksBuildPhase section */
		CE6ACBFA1CFFE2620027A7EE /* Frameworks */ = {
			isa = PBXFrameworksBuildPhase;
			buildActionMask = 2147483647;
			files = (
				CE6ACC011CFFE2620027A7EE /* Cocoa.framework in Frameworks */,
				CE4177941D066AF9006E595F /* MobileDevice.framework in Frameworks */,
			);
			runOnlyForDeploymentPostprocessing = 0;
		};
/* End PBXFrameworksBuildPhase section */

/* Begin PBXGroup section */
		CE6ACBF41CFFE2620027A7EE = {
			isa = PBXGroup;
			children = (
				CE6ACC061CFFE2620027A7EE /* iosTools */,
				CE6ACBFF1CFFE2620027A7EE /* Frameworks */,
				CE6ACBFE1CFFE2620027A7EE /* Products */,
			);
			sourceTree = "<group>";
		};
		CE6ACBFE1CFFE2620027A7EE /* Products */ = {
			isa = PBXGroup;
			children = (
				CE6ACBFD1CFFE2620027A7EE /* iosTools.app */,
			);
			name = Products;
			sourceTree = "<group>";
		};
		CE6ACBFF1CFFE2620027A7EE /* Frameworks */ = {
			isa = PBXGroup;
			children = (
				CE4177921D066AEB006E595F /* MobileDevice.framework */,
				CE6ACC001CFFE2620027A7EE /* Cocoa.framework */,
				CE6ACC021CFFE2620027A7EE /* Other Frameworks */,
			);
			name = Frameworks;
			sourceTree = "<group>";
		};
		CE6ACC021CFFE2620027A7EE /* Other Frameworks */ = {
			isa = PBXGroup;
			children = (
				CE6ACC031CFFE2620027A7EE /* AppKit.framework */,
				CE6ACC041CFFE2620027A7EE /* CoreData.framework */,
				CE6ACC051CFFE2620027A7EE /* Foundation.framework */,
			);
			name = "Other Frameworks";
			sourceTree = "<group>";
		};
		CE6ACC061CFFE2620027A7EE /* iosTools */ = {
			isa = PBXGroup;
			children = (
				DAC89B5A1D263F5F00F89433 /* CrashReport */,
				DAC89B591D263F4500F89433 /* AppManger */,
				CEF3A7161D0051F000B4F026 /* MobileDevice */,
				CE6ACC121CFFE2620027A7EE /* ycwAppDelegate.h */,
				CE6ACC131CFFE2620027A7EE /* ycwAppDelegate.mm */,
				CE6ACC151CFFE2620027A7EE /* MainMenu.xib */,
				CE6ACC071CFFE2620027A7EE /* Supporting Files */,
			);
			path = iosTools;
			sourceTree = "<group>";
		};
		CE6ACC071CFFE2620027A7EE /* Supporting Files */ = {
			isa = PBXGroup;
			children = (
				DA1327A61D2A6583003B918E /* symbolicatecrash */,
				CE6ACC081CFFE2620027A7EE /* iosTools-Info.plist */,
				CE6ACC091CFFE2620027A7EE /* InfoPlist.strings */,
				CE6ACC0C1CFFE2620027A7EE /* main.m */,
				CE6ACC0E1CFFE2620027A7EE /* iosTools-Prefix.pch */,
				CE6ACC0F1CFFE2620027A7EE /* Credits.rtf */,
			);
			name = "Supporting Files";
			sourceTree = "<group>";
		};
		CEF3A7161D0051F000B4F026 /* MobileDevice */ = {
			isa = PBXGroup;
			children = (
				CE0FDCAC1D052AAD00586C71 /* filemanager.cpp */,
				CE0FDCAD1D052AAD00586C71 /* filemanager.h */,
				CE0FDCA91D05299C00586C71 /* deviceservice.cpp */,
				CE0FDCAA1D05299C00586C71 /* deviceservice.h */,
				CECF17DE1D0135AC005BAC59 /* deviceinfo.cpp */,
				CECF17DF1D0135AC005BAC59 /* deviceinfo.h */,
				CECF17E01D0135AC005BAC59 /* MyDeviceDeleget.h */,
				CE4041561D000B580044D850 /* iosDevice.mm */,
				CE4041571D000B580044D850 /* iosDevice.h */,
				CE40415A1D000F550044D850 /* MobileDevice.h */,
			);
			name = MobileDevice;
			sourceTree = "<group>";
		};
		DAC89B591D263F4500F89433 /* AppManger */ = {
			isa = PBXGroup;
			children = (
				CECF18131D0162C2005BAC59 /* AppWindowCtrl.h */,
				CECF18141D0162C2005BAC59 /* AppWindowCtrl.m */,
				CECF18151D0162C2005BAC59 /* AppWindowCtrl.xib */,
			);
			name = AppManger;
			sourceTree = "<group>";
		};
		DAC89B5A1D263F5F00F89433 /* CrashReport */ = {
			isa = PBXGroup;
			children = (
				DAC89B5B1D26405900F89433 /* CrashreportWinCtrl.h */,
				DAC89B5C1D26405900F89433 /* CrashreportWinCtrl.m */,
				DAC89B601D26568700F89433 /* CrashreportWin.xib */,
				DAC89B621D26618100F89433 /* CrashFileInfo.h */,
				DAC89B631D26618100F89433 /* CrashFileInfo.m */,
			);
			name = CrashReport;
			sourceTree = "<group>";
		};
/* End PBXGroup section */

/* Begin PBXNativeTarget section */
		CE6ACBFC1CFFE2620027A7EE /* iosTools */ = {
			isa = PBXNativeTarget;
			buildConfigurationList = CE6ACC1A1CFFE2620027A7EE /* Build configuration list for PBXNativeTarget "iosTools" */;
			buildPhases = (
				CE6ACBF91CFFE2620027A7EE /* Sources */,
				CE6ACBFA1CFFE2620027A7EE /* Frameworks */,
				CE6ACBFB1CFFE2620027A7EE /* Resources */,
			);
			buildRules = (
			);
			dependencies = (
			);
			name = iosTools;
			productName = iosTools;
			productReference = CE6ACBFD1CFFE2620027A7EE /* iosTools.app */;
			productType = "com.apple.product-type.application";
		};
/* End PBXNativeTarget section */

/* Begin PBXProject section */
		CE6ACBF51CFFE2620027A7EE /* Project object */ = {
			isa = PBXProject;
			attributes = {
				CLASSPREFIX = ycw;
				LastUpgradeCheck = 0460;
				ORGANIZATIONNAME = ycw;
			};
			buildConfigurationList = CE6ACBF81CFFE2620027A7EE /* Build configuration list for PBXProject "iosTools" */;
			compatibilityVersion = "Xcode 3.2";
			developmentRegion = English;
			hasScannedForEncodings = 0;
			knownRegions = (
				en,
			);
			mainGroup = CE6ACBF41CFFE2620027A7EE;
			productRefGroup = CE6ACBFE1CFFE2620027A7EE /* Products */;
			projectDirPath = "";
			projectRoot = "";
			targets = (
				CE6ACBFC1CFFE2620027A7EE /* iosTools */,
			);
		};
/* End PBXProject section */

/* Begin PBXResourcesBuildPhase section */
		CE6ACBFB1CFFE2620027A7EE /* Resources */ = {
			isa = PBXResourcesBuildPhase;
			buildActionMask = 2147483647;
			files = (
				CE6ACC0B1CFFE2620027A7EE /* InfoPlist.strings in Resources */,
				CE6ACC111CFFE2620027A7EE /* Credits.rtf in Resources */,
				CE6ACC171CFFE2620027A7EE /* MainMenu.xib in Resources */,
				CECF18171D0162C2005BAC59 /* AppWindowCtrl.xib in Resources */,
				DAC89B611D26568700F89433 /* CrashreportWin.xib in Resources */,
				DA1327A71D2A6583003B918E /* symbolicatecrash in Resources */,
			);
			runOnlyForDeploymentPostprocessing = 0;
		};
/* End PBXResourcesBuildPhase section */

/* Begin PBXSourcesBuildPhase section */
		CE6ACBF91CFFE2620027A7EE /* Sources */ = {
			isa = PBXSourcesBuildPhase;
			buildActionMask = 2147483647;
			files = (
				CE6ACC0D1CFFE2620027A7EE /* main.m in Sources */,
				CE6ACC141CFFE2620027A7EE /* ycwAppDelegate.mm in Sources */,
				CE4041581D000B580044D850 /* iosDevice.mm in Sources */,
				CECF17E11D0135AC005BAC59 /* deviceinfo.cpp in Sources */,
				CECF18161D0162C2005BAC59 /* AppWindowCtrl.m in Sources */,
				CE0FDCAB1D05299C00586C71 /* deviceservice.cpp in Sources */,
				CE0FDCAE1D052AAD00586C71 /* filemanager.cpp in Sources */,
				DAC89B5D1D26405900F89433 /* CrashreportWinCtrl.m in Sources */,
				DAC89B641D26618100F89433 /* CrashFileInfo.m in Sources */,
			);
			runOnlyForDeploymentPostprocessing = 0;
		};
/* End PBXSourcesBuildPhase section */

/* Begin PBXVariantGroup section */
		CE6ACC091CFFE2620027A7EE /* InfoPlist.strings */ = {
			isa = PBXVariantGroup;
			children = (
				CE6ACC0A1CFFE2620027A7EE /* en */,
			);
			name = InfoPlist.strings;
			sourceTree = "<group>";
		};
		CE6ACC0F1CFFE2620027A7EE /* Credits.rtf */ = {
			isa = PBXVariantGroup;
			children = (
				CE6ACC101CFFE2620027A7EE /* en */,
			);
			name = Credits.rtf;
			sourceTree = "<group>";
		};
		CE6ACC151CFFE2620027A7EE /* MainMenu.xib */ = {
			isa = PBXVariantGroup;
			children = (
				CE6ACC161CFFE2620027A7EE /* en */,
			);
			name = MainMenu.xib;
			sourceTree = "<group>";
		};
/* End PBXVariantGroup section */

/* Begin XCBuildConfiguration section */
		CE6ACC181CFFE2620027A7EE /* Debug */ = {
			isa = XCBuildConfiguration;
			buildSettings = {
				ALWAYS_SEARCH_USER_PATHS = NO;
				ARCHS = "$(ARCHS_STANDARD_32_BIT)";
				CLANG_CXX_LANGUAGE_STANDARD = "gnu++0x";
				CLANG_CXX_LIBRARY = "libc++";
				CLANG_WARN_CONSTANT_CONVERSION = YES;
				CLANG_WARN_EMPTY_BODY = YES;
				CLANG_WARN_ENUM_CONVERSION = YES;
				CLANG_WARN_INT_CONVERSION = YES;
				CLANG_WARN__DUPLICATE_METHOD_MATCH = YES;
				COPY_PHASE_STRIP = NO;
				GCC_C_LANGUAGE_STANDARD = gnu99;
				GCC_DYNAMIC_NO_PIC = NO;
				GCC_ENABLE_OBJC_EXCEPTIONS = YES;
				GCC_OPTIMIZATION_LEVEL = 0;
				GCC_PREPROCESSOR_DEFINITIONS = (
					"DEBUG=1",
					"$(inherited)",
				);
				GCC_SYMBOLS_PRIVATE_EXTERN = NO;
				GCC_WARN_64_TO_32_BIT_CONVERSION = YES;
				GCC_WARN_ABOUT_RETURN_TYPE = YES;
				GCC_WARN_UNINITIALIZED_AUTOS = YES;
				GCC_WARN_UNUSED_VARIABLE = YES;
				MACOSX_DEPLOYMENT_TARGET = 10.9;
				ONLY_ACTIVE_ARCH = YES;
				SDKROOT = macosx;
			};
			name = Debug;
		};
		CE6ACC191CFFE2620027A7EE /* Release */ = {
			isa = XCBuildConfiguration;
			buildSettings = {
				ALWAYS_SEARCH_USER_PATHS = NO;
				ARCHS = "$(ARCHS_STANDARD_32_BIT)";
				CLANG_CXX_LANGUAGE_STANDARD = "gnu++0x";
				CLANG_CXX_LIBRARY = "libc++";
				CLANG_WARN_CONSTANT_CONVERSION = YES;
				CLANG_WARN_EMPTY_BODY = YES;
				CLANG_WARN_ENUM_CONVERSION = YES;
				CLANG_WARN_INT_CONVERSION = YES;
				CLANG_WARN__DUPLICATE_METHOD_MATCH = YES;
				COPY_PHASE_STRIP = YES;
				DEBUG_INFORMATION_FORMAT = "dwarf-with-dsym";
				GCC_C_LANGUAGE_STANDARD = gnu99;
				GCC_ENABLE_OBJC_EXCEPTIONS = YES;
				GCC_WARN_64_TO_32_BIT_CONVERSION = YES;
				GCC_WARN_ABOUT_RETURN_TYPE = YES;
				GCC_WARN_UNINITIALIZED_AUTOS = YES;
				GCC_WARN_UNUSED_VARIABLE = YES;
				MACOSX_DEPLOYMENT_TARGET = 10.9;
				SDKROOT = macosx;
			};
			name = Release;
		};
		CE6ACC1B1CFFE2620027A7EE /* Debug */ = {
			isa = XCBuildConfiguration;
			buildSettings = {
				ARCHS = "$(ARCHS_STANDARD_32_BIT)";
				CLANG_CXX_LANGUAGE_STANDARD = "gnu++0x";
				CLANG_CXX_LIBRARY = "libstdc++";
				COMBINE_HIDPI_IMAGES = YES;
				FRAMEWORK_SEARCH_PATHS = (
					"$(inherited)",
					"\"$(SRCROOT)/iosTools\"",
					"\"$(SYSTEM_LIBRARY_DIR)/PrivateFrameworks\"",
				);
				GCC_PRECOMPILE_PREFIX_HEADER = YES;
				GCC_PREFIX_HEADER = "iosTools/iosTools-Prefix.pch";
				HEADER_SEARCH_PATHS = "\"$(SRCROOT)/iosTools\"";
				INFOPLIST_FILE = "iosTools/iosTools-Info.plist";
				PRODUCT_NAME = "$(TARGET_NAME)";
				SDKROOT = macosx;
				WRAPPER_EXTENSION = app;
			};
			name = Debug;
		};
		CE6ACC1C1CFFE2620027A7EE /* Release */ = {
			isa = XCBuildConfiguration;
			buildSettings = {
				ARCHS = "$(ARCHS_STANDARD_32_BIT)";
				CLANG_CXX_LANGUAGE_STANDARD = "gnu++0x";
				CLANG_CXX_LIBRARY = "libstdc++";
				COMBINE_HIDPI_IMAGES = YES;
				FRAMEWORK_SEARCH_PATHS = (
					"$(inherited)",
					"\"$(SRCROOT)/iosTools\"",
					"\"$(SYSTEM_LIBRARY_DIR)/PrivateFrameworks\"",
				);
				GCC_PRECOMPILE_PREFIX_HEADER = YES;
				GCC_PREFIX_HEADER = "iosTools/iosTools-Prefix.pch";
				HEADER_SEARCH_PATHS = "\"$(SRCROOT)/iosTools\"";
				INFOPLIST_FILE = "iosTools/iosTools-Info.plist";
				PRODUCT_NAME = "$(TARGET_NAME)";
				SDKROOT = macosx;
				WRAPPER_EXTENSION = app;
			};
			name = Release;
		};
/* End XCBuildConfiguration section */

/* Begin XCConfigurationList section */
		CE6ACBF81CFFE2620027A7EE /* Build configuration list for PBXProject "iosTools" */ = {
			isa = XCConfigurationList;
			buildConfigurations = (
				CE6ACC181CFFE2620027A7EE /* Debug */,
				CE6ACC191CFFE2620027A7EE /* Release */,
			);
			defaultConfigurationIsVisible = 0;
			defaultConfigurationName = Release;
		};
		CE6ACC1A1CFFE2620027A7EE /* Build configuration list for PBXNativeTarget "iosTools" */ = {
			isa = XCConfigurationList;
			buildConfigurations = (
				CE6ACC1B1CFFE2620027A7EE /* Debug */,
				CE6ACC1C1CFFE2620027A7EE /* Release */,
			);
			defaultConfigurationIsVisible = 0;
			defaultConfigurationName = Release;
		};
/* End XCConfigurationList section */
	};
	rootObject = CE6ACBF51CFFE2620027A7EE /* Project object */;
}
